
Microsoft Visual Studio Solution File, Format Version 11.00
# Visual Studio 2010
Project("{FAE04EC0-301F-11D3-BF4B-00C04F79EFBC}") = "Assembly-CSharp", "Assembly-CSharp.csproj", "{fc8292c3-7353-8847-5c89-1a79d74a497e}"
EndProject
Project("{FAE04EC0-301F-11D3-BF4B-00C04F79EFBC}") = "Assembly-CSharp-firstpass", "Assembly-CSharp-firstpass.csproj", "{d5b0b8d1-3199-4fa3-ca1b-4500ec3f6d16}"
EndProject
Project("{FAE04EC0-301F-11D3-BF4B-00C04F79EFBC}") = "PathCreator", "PathCreator.csproj", "{2e6172c6-3b9e-8dcd-36e2-36d901d5acdd}"
EndProject
Project("{FAE04EC0-301F-11D3-BF4B-00C04F79EFBC}") = "Assembly-CSharp-Editor-firstpass", "Assembly-CSharp-Editor-firstpass.csproj", "{fe862d4b-3470-c1e5-389f-ea084be9779f}"
EndProject
Project("{FAE04EC0-301F-11D3-BF4B-00C04F79EFBC}") = "PathCreatorEditor", "PathCreatorEditor.csproj", "{e5e31743-530e-ae3a-96c3-18249a5c0ab2}"
EndProject
Project("{FAE04EC0-301F-11D3-BF4B-00C04F79EFBC}") = "Assembly-CSharp-Editor", "Assembly-CSharp-Editor.csproj", "{a2fdc56f-803a-9ca9-bcd6-19d34d47b3ed}"
EndProject
Global
	GlobalSection(SolutionConfigurationPlatforms) = preSolution
		Debug|Any CPU = Debug|Any CPU
	EndGlobalSection
	GlobalSection(ProjectConfigurationPlatforms) = postSolution
		{fc8292c3-7353-8847-5c89-1a79d74a497e}.Debug|Any CPU.ActiveCfg = Debug|Any CPU
		{fc8292c3-7353-8847-5c89-1a79d74a497e}.Debug|Any CPU.Build.0 = Debug|Any CPU
		{d5b0b8d1-3199-4fa3-ca1b-4500ec3f6d16}.Debug|Any CPU.ActiveCfg = Debug|Any CPU
		{d5b0b8d1-3199-4fa3-ca1b-4500ec3f6d16}.Debug|Any CPU.Build.0 = Debug|Any CPU
		{2e6172c6-3b9e-8dcd-36e2-36d901d5acdd}.Debug|Any CPU.ActiveCfg = Debug|Any CPU
		{2e6172c6-3b9e-8dcd-36e2-36d901d5acdd}.Debug|Any CPU.Build.0 = Debug|Any CPU
		{fe862d4b-3470-c1e5-389f-ea084be9779f}.Debug|Any CPU.ActiveCfg = Debug|Any CPU
		{fe862d4b-3470-c1e5-389f-ea084be9779f}.Debug|Any CPU.Build.0 = Debug|Any CPU
		{e5e31743-530e-ae3a-96c3-18249a5c0ab2}.Debug|Any CPU.ActiveCfg = Debug|Any CPU
		{e5e31743-530e-ae3a-96c3-18249a5c0ab2}.Debug|Any CPU.Build.0 = Debug|Any CPU
		{a2fdc56f-803a-9ca9-bcd6-19d34d47b3ed}.Debug|Any CPU.ActiveCfg = Debug|Any CPU
		{a2fdc56f-803a-9ca9-bcd6-19d34d47b3ed}.Debug|Any CPU.Build.0 = Debug|Any CPU
	EndGlobalSection
	GlobalSection(SolutionProperties) = preSolution
		HideSolutionNode = FALSE
	EndGlobalSection
EndGlobal
